// !$*UTF8*$!
{
	archiveVersion = 1;
	classes = {
	};
	objectVersion = 50;
	objects = {

/* Begin PBXBuildFile section */
		E528BC1A259ACEB2006B332A /* MacaronBoxSizeView.swift in Sources */ = {isa = PBXBuildFile; fileRef = E528BC19259ACEB2006B332A /* MacaronBoxSizeView.swift */; };
		E528BC21259C1BA2006B332A /* CartDetailView.swift in Sources */ = {isa = PBXBuildFile; fileRef = E528BC20259C1BA2006B332A /* CartDetailView.swift */; };
		E528BC26259E4F41006B332A /* addToCartButton.swift in Sources */ = {isa = PBXBuildFile; fileRef = E528BC25259E4F41006B332A /* addToCartButton.swift */; };
		E528BC2C25A04D4E006B332A /* references.txt in Resources */ = {isa = PBXBuildFile; fileRef = E528BC2B25A04D4E006B332A /* references.txt */; };
		E528BC6525A3E0C9006B332A /* CupcakesBoxSizeView.swift in Sources */ = {isa = PBXBuildFile; fileRef = E528BC6425A3E0C8006B332A /* CupcakesBoxSizeView.swift */; };
		E528BC6D25A3EA47006B332A /* CupcakesExtraView.swift in Sources */ = {isa = PBXBuildFile; fileRef = E528BC6C25A3EA47006B332A /* CupcakesExtraView.swift */; };
		E544F2712597F165005CE2D4 /* SearchView.swift in Sources */ = {isa = PBXBuildFile; fileRef = E544F2702597F165005CE2D4 /* SearchView.swift */; };
		E544F2762597F60C005CE2D4 /* SettingsView.swift in Sources */ = {isa = PBXBuildFile; fileRef = E544F2752597F60C005CE2D4 /* SettingsView.swift */; };
		E544F27B259813E3005CE2D4 /* SearchBar.swift in Sources */ = {isa = PBXBuildFile; fileRef = E544F27A259813E3005CE2D4 /* SearchBar.swift */; };
		E544F28625984387005CE2D4 /* ProductRow.swift in Sources */ = {isa = PBXBuildFile; fileRef = E544F28525984387005CE2D4 /* ProductRow.swift */; };
		E544F28D25984A6E005CE2D4 /* CartButton.swift in Sources */ = {isa = PBXBuildFile; fileRef = E544F28C25984A6E005CE2D4 /* CartButton.swift */; };
		E544F29025984C33005CE2D4 /* NotificationBadge.swift in Sources */ = {isa = PBXBuildFile; fileRef = E544F28F25984C33005CE2D4 /* NotificationBadge.swift */; };
		E55C77A125A9257700E9BA20 /* TagView.swift in Sources */ = {isa = PBXBuildFile; fileRef = E55C77A025A9257700E9BA20 /* TagView.swift */; };
		E567FA2C25900FDA00082479 /* ShopProjectApp.swift in Sources */ = {isa = PBXBuildFile; fileRef = E567FA2B25900FDA00082479 /* ShopProjectApp.swift */; };
		E567FA2E25900FDA00082479 /* ContentView.swift in Sources */ = {isa = PBXBuildFile; fileRef = E567FA2D25900FDA00082479 /* ContentView.swift */; };
		E567FA3025900FDB00082479 /* Assets.xcassets in Resources */ = {isa = PBXBuildFile; fileRef = E567FA2F25900FDB00082479 /* Assets.xcassets */; };
		E567FA3325900FDB00082479 /* Preview Assets.xcassets in Resources */ = {isa = PBXBuildFile; fileRef = E567FA3225900FDB00082479 /* Preview Assets.xcassets */; };
		E567FA4025916E1F00082479 /* shopData.json in Resources */ = {isa = PBXBuildFile; fileRef = E567FA3F25916E1F00082479 /* shopData.json */; };
		E567FA462591AF4200082479 /* ProductData.swift in Sources */ = {isa = PBXBuildFile; fileRef = E567FA452591AF4200082479 /* ProductData.swift */; };
		E567FA4A2591AFE100082479 /* ModelData.swift in Sources */ = {isa = PBXBuildFile; fileRef = E567FA492591AFE100082479 /* ModelData.swift */; };
		E567FA4D2592B24400082479 /* ProductDetail.swift in Sources */ = {isa = PBXBuildFile; fileRef = E567FA4C2592B24400082479 /* ProductDetail.swift */; };
		E567FA512592BC7200082479 /* CategoryHome.swift in Sources */ = {isa = PBXBuildFile; fileRef = E567FA502592BC7200082479 /* CategoryHome.swift */; };
		E567FA542592CF2A00082479 /* CategoryRow.swift in Sources */ = {isa = PBXBuildFile; fileRef = E567FA532592CF2A00082479 /* CategoryRow.swift */; };
		E567FA572592D52100082479 /* CategoryItem.swift in Sources */ = {isa = PBXBuildFile; fileRef = E567FA562592D52100082479 /* CategoryItem.swift */; };
		E5D772702593DD5800E743D1 /* FeatureCard.swift in Sources */ = {isa = PBXBuildFile; fileRef = E5D7726F2593DD5800E743D1 /* FeatureCard.swift */; };
		E5D772732593E00900E743D1 /* PageViewController.swift in Sources */ = {isa = PBXBuildFile; fileRef = E5D772722593E00900E743D1 /* PageViewController.swift */; };
		E5D772772593E15200E743D1 /* PageView.swift in Sources */ = {isa = PBXBuildFile; fileRef = E5D772762593E15200E743D1 /* PageView.swift */; };
		E5D7727B2593E6D800E743D1 /* PageControl.swift in Sources */ = {isa = PBXBuildFile; fileRef = E5D7727A2593E6D800E743D1 /* PageControl.swift */; };
		E5D7727E2593F0BD00E743D1 /* FavoriteList.swift in Sources */ = {isa = PBXBuildFile; fileRef = E5D7727D2593F0BD00E743D1 /* FavoriteList.swift */; };
		E5D772812593F57C00E743D1 /* FavoriteButton.swift in Sources */ = {isa = PBXBuildFile; fileRef = E5D772802593F57C00E743D1 /* FavoriteButton.swift */; };
		E5D772872593F6FB00E743D1 /* RectangleImage.swift in Sources */ = {isa = PBXBuildFile; fileRef = E5D772862593F6FB00E743D1 /* RectangleImage.swift */; };
/* End PBXBuildFile section */

/* Begin PBXFileReference section */
		E528BC19259ACEB2006B332A /* MacaronBoxSizeView.swift */ = {isa = PBXFileReference; lastKnownFileType = sourcecode.swift; path = MacaronBoxSizeView.swift; sourceTree = "<group>"; };
		E528BC20259C1BA2006B332A /* CartDetailView.swift */ = {isa = PBXFileReference; lastKnownFileType = sourcecode.swift; path = CartDetailView.swift; sourceTree = "<group>"; };
		E528BC25259E4F41006B332A /* addToCartButton.swift */ = {isa = PBXFileReference; lastKnownFileType = sourcecode.swift; path = addToCartButton.swift; sourceTree = "<group>"; };
		E528BC2B25A04D4E006B332A /* references.txt */ = {isa = PBXFileReference; lastKnownFileType = text; path = references.txt; sourceTree = "<group>"; };
		E528BC6425A3E0C8006B332A /* CupcakesBoxSizeView.swift */ = {isa = PBXFileReference; lastKnownFileType = sourcecode.swift; path = CupcakesBoxSizeView.swift; sourceTree = "<group>"; };
		E528BC6C25A3EA47006B332A /* CupcakesExtraView.swift */ = {isa = PBXFileReference; lastKnownFileType = sourcecode.swift; path = CupcakesExtraView.swift; sourceTree = "<group>"; };
		E544F2702597F165005CE2D4 /* SearchView.swift */ = {isa = PBXFileReference; lastKnownFileType = sourcecode.swift; path = SearchView.swift; sourceTree = "<group>"; };
		E544F2752597F60C005CE2D4 /* SettingsView.swift */ = {isa = PBXFileReference; lastKnownFileType = sourcecode.swift; path = SettingsView.swift; sourceTree = "<group>"; };
		E544F27A259813E3005CE2D4 /* SearchBar.swift */ = {isa = PBXFileReference; lastKnownFileType = sourcecode.swift; path = SearchBar.swift; sourceTree = "<group>"; };
		E544F28525984387005CE2D4 /* ProductRow.swift */ = {isa = PBXFileReference; fileEncoding = 4; lastKnownFileType = sourcecode.swift; path = ProductRow.swift; sourceTree = "<group>"; };
		E544F28C25984A6E005CE2D4 /* CartButton.swift */ = {isa = PBXFileReference; lastKnownFileType = sourcecode.swift; path = CartButton.swift; sourceTree = "<group>"; };
		E544F28F25984C33005CE2D4 /* NotificationBadge.swift */ = {isa = PBXFileReference; lastKnownFileType = sourcecode.swift; path = NotificationBadge.swift; sourceTree = "<group>"; };
		E55C77A025A9257700E9BA20 /* TagView.swift */ = {isa = PBXFileReference; lastKnownFileType = sourcecode.swift; path = TagView.swift; sourceTree = "<group>"; };
		E567FA2825900FDA00082479 /* ShopProject.app */ = {isa = PBXFileReference; explicitFileType = wrapper.application; includeInIndex = 0; path = ShopProject.app; sourceTree = BUILT_PRODUCTS_DIR; };
		E567FA2B25900FDA00082479 /* ShopProjectApp.swift */ = {isa = PBXFileReference; lastKnownFileType = sourcecode.swift; path = ShopProjectApp.swift; sourceTree = "<group>"; };
		E567FA2D25900FDA00082479 /* ContentView.swift */ = {isa = PBXFileReference; lastKnownFileType = sourcecode.swift; path = ContentView.swift; sourceTree = "<group>"; };
		E567FA2F25900FDB00082479 /* Assets.xcassets */ = {isa = PBXFileReference; lastKnownFileType = folder.assetcatalog; path = Assets.xcassets; sourceTree = "<group>"; };
		E567FA3225900FDB00082479 /* Preview Assets.xcassets */ = {isa = PBXFileReference; lastKnownFileType = folder.assetcatalog; path = "Preview Assets.xcassets"; sourceTree = "<group>"; };
		E567FA3425900FDB00082479 /* Info.plist */ = {isa = PBXFileReference; lastKnownFileType = text.plist.xml; path = Info.plist; sourceTree = "<group>"; };
		E567FA3F25916E1F00082479 /* shopData.json */ = {isa = PBXFileReference; lastKnownFileType = text.json; path = shopData.json; sourceTree = "<group>"; };
		E567FA452591AF4200082479 /* ProductData.swift */ = {isa = PBXFileReference; lastKnownFileType = sourcecode.swift; path = ProductData.swift; sourceTree = "<group>"; };
		E567FA492591AFE100082479 /* ModelData.swift */ = {isa = PBXFileReference; lastKnownFileType = sourcecode.swift; path = ModelData.swift; sourceTree = "<group>"; };
		E567FA4C2592B24400082479 /* ProductDetail.swift */ = {isa = PBXFileReference; lastKnownFileType = sourcecode.swift; path = ProductDetail.swift; sourceTree = "<group>"; };
		E567FA502592BC7200082479 /* CategoryHome.swift */ = {isa = PBXFileReference; lastKnownFileType = sourcecode.swift; path = CategoryHome.swift; sourceTree = "<group>"; };
		E567FA532592CF2A00082479 /* CategoryRow.swift */ = {isa = PBXFileReference; lastKnownFileType = sourcecode.swift; path = CategoryRow.swift; sourceTree = "<group>"; };
		E567FA562592D52100082479 /* CategoryItem.swift */ = {isa = PBXFileReference; lastKnownFileType = sourcecode.swift; path = CategoryItem.swift; sourceTree = "<group>"; };
		E5D7726F2593DD5800E743D1 /* FeatureCard.swift */ = {isa = PBXFileReference; lastKnownFileType = sourcecode.swift; path = FeatureCard.swift; sourceTree = "<group>"; };
		E5D772722593E00900E743D1 /* PageViewController.swift */ = {isa = PBXFileReference; lastKnownFileType = sourcecode.swift; path = PageViewController.swift; sourceTree = "<group>"; };
		E5D772762593E15200E743D1 /* PageView.swift */ = {isa = PBXFileReference; lastKnownFileType = sourcecode.swift; path = PageView.swift; sourceTree = "<group>"; };
		E5D7727A2593E6D800E743D1 /* PageControl.swift */ = {isa = PBXFileReference; lastKnownFileType = sourcecode.swift; path = PageControl.swift; sourceTree = "<group>"; };
		E5D7727D2593F0BD00E743D1 /* FavoriteList.swift */ = {isa = PBXFileReference; lastKnownFileType = sourcecode.swift; path = FavoriteList.swift; sourceTree = "<group>"; };
		E5D772802593F57C00E743D1 /* FavoriteButton.swift */ = {isa = PBXFileReference; lastKnownFileType = sourcecode.swift; path = FavoriteButton.swift; sourceTree = "<group>"; };
		E5D772862593F6FB00E743D1 /* RectangleImage.swift */ = {isa = PBXFileReference; fileEncoding = 4; lastKnownFileType = sourcecode.swift; path = RectangleImage.swift; sourceTree = "<group>"; };
/* End PBXFileReference section */

/* Begin PBXFrameworksBuildPhase section */
		E567FA2525900FDA00082479 /* Frameworks */ = {
			isa = PBXFrameworksBuildPhase;
			buildActionMask = 2147483647;
			files = (
			);
			runOnlyForDeploymentPostprocessing = 0;
		};
/* End PBXFrameworksBuildPhase section */

/* Begin PBXGroup section */
		E528BC1F259C1B84006B332A /* CartView */ = {
			isa = PBXGroup;
			children = (
				E528BC20259C1BA2006B332A /* CartDetailView.swift */,
			);
			path = CartView;
			sourceTree = "<group>";
		};
		E528BC6B25A3EA1F006B332A /* CupcakesExtrasView */ = {
			isa = PBXGroup;
			children = (
				E528BC6C25A3EA47006B332A /* CupcakesExtraView.swift */,
			);
			path = CupcakesExtrasView;
			sourceTree = "<group>";
		};
		E544F27E2598431F005CE2D4 /* HomeView */ = {
			isa = PBXGroup;
			children = (
				E567FA502592BC7200082479 /* CategoryHome.swift */,
				E567FA4C2592B24400082479 /* ProductDetail.swift */,
				E567FA532592CF2A00082479 /* CategoryRow.swift */,
				E567FA562592D52100082479 /* CategoryItem.swift */,
				E5D7727D2593F0BD00E743D1 /* FavoriteList.swift */,
			);
			path = HomeView;
			sourceTree = "<group>";
		};
		E544F2882598439F005CE2D4 /* SearchView */ = {
			isa = PBXGroup;
			children = (
				E544F2702597F165005CE2D4 /* SearchView.swift */,
			);
			path = SearchView;
			sourceTree = "<group>";
		};
		E544F289259843B7005CE2D4 /* SettingsVIew */ = {
			isa = PBXGroup;
			children = (
				E544F2752597F60C005CE2D4 /* SettingsView.swift */,
			);
			path = SettingsVIew;
			sourceTree = "<group>";
		};
		E55C779F25A9253900E9BA20 /* BobaExtraView */ = {
			isa = PBXGroup;
			children = (
			);
			path = BobaExtraView;
			sourceTree = "<group>";
		};
		E567FA1F25900FDA00082479 = {
			isa = PBXGroup;
			children = (
				E567FA2A25900FDA00082479 /* ShopProject */,
				E567FA2925900FDA00082479 /* Products */,
			);
			sourceTree = "<group>";
		};
		E567FA2925900FDA00082479 /* Products */ = {
			isa = PBXGroup;
			children = (
				E567FA2825900FDA00082479 /* ShopProject.app */,
			);
			name = Products;
			sourceTree = "<group>";
		};
		E567FA2A25900FDA00082479 /* ShopProject */ = {
			isa = PBXGroup;
			children = (
				E567FA3D2590102100082479 /* Views */,
				E567FA3C2590101A00082479 /* Ressources */,
				E567FA3B2590101300082479 /* Model */,
				E567FA2B25900FDA00082479 /* ShopProjectApp.swift */,
				E567FA2D25900FDA00082479 /* ContentView.swift */,
				E567FA2F25900FDB00082479 /* Assets.xcassets */,
				E567FA3425900FDB00082479 /* Info.plist */,
				E567FA3125900FDB00082479 /* Preview Content */,
			);
			path = ShopProject;
			sourceTree = "<group>";
		};
		E567FA3125900FDB00082479 /* Preview Content */ = {
			isa = PBXGroup;
			children = (
				E567FA3225900FDB00082479 /* Preview Assets.xcassets */,
			);
			path = "Preview Content";
			sourceTree = "<group>";
		};
		E567FA3B2590101300082479 /* Model */ = {
			isa = PBXGroup;
			children = (
				E567FA452591AF4200082479 /* ProductData.swift */,
				E567FA492591AFE100082479 /* ModelData.swift */,
			);
			path = Model;
			sourceTree = "<group>";
		};
		E567FA3C2590101A00082479 /* Ressources */ = {
			isa = PBXGroup;
			children = (
				E567FA3F25916E1F00082479 /* shopData.json */,
				E528BC2B25A04D4E006B332A /* references.txt */,
			);
			path = Ressources;
			sourceTree = "<group>";
		};
		E567FA3D2590102100082479 /* Views */ = {
			isa = PBXGroup;
			children = (
				E55C779F25A9253900E9BA20 /* BobaExtraView */,
				E528BC6B25A3EA1F006B332A /* CupcakesExtrasView */,
				E528BC1F259C1B84006B332A /* CartView */,
				E544F289259843B7005CE2D4 /* SettingsVIew */,
				E544F2882598439F005CE2D4 /* SearchView */,
				E544F27E2598431F005CE2D4 /* HomeView */,
				E5D772832593F60D00E743D1 /* Helpers */,
				E5D772752593E13600E743D1 /* Page */,
			);
			path = Views;
			sourceTree = "<group>";
		};
		E5D772752593E13600E743D1 /* Page */ = {
			isa = PBXGroup;
			children = (
				E5D772722593E00900E743D1 /* PageViewController.swift */,
				E5D772762593E15200E743D1 /* PageView.swift */,
				E5D7727A2593E6D800E743D1 /* PageControl.swift */,
			);
			path = Page;
			sourceTree = "<group>";
		};
		E5D772832593F60D00E743D1 /* Helpers */ = {
			isa = PBXGroup;
			children = (
				E5D772802593F57C00E743D1 /* FavoriteButton.swift */,
				E5D772862593F6FB00E743D1 /* RectangleImage.swift */,
				E5D7726F2593DD5800E743D1 /* FeatureCard.swift */,
				E544F27A259813E3005CE2D4 /* SearchBar.swift */,
				E544F28525984387005CE2D4 /* ProductRow.swift */,
				E544F28C25984A6E005CE2D4 /* CartButton.swift */,
				E544F28F25984C33005CE2D4 /* NotificationBadge.swift */,
				E528BC19259ACEB2006B332A /* MacaronBoxSizeView.swift */,
				E528BC25259E4F41006B332A /* addToCartButton.swift */,
				E528BC6425A3E0C8006B332A /* CupcakesBoxSizeView.swift */,
				E55C77A025A9257700E9BA20 /* TagView.swift */,
			);
			path = Helpers;
			sourceTree = "<group>";
		};
/* End PBXGroup section */

/* Begin PBXNativeTarget section */
		E567FA2725900FDA00082479 /* ShopProject */ = {
			isa = PBXNativeTarget;
			buildConfigurationList = E567FA3725900FDB00082479 /* Build configuration list for PBXNativeTarget "ShopProject" */;
			buildPhases = (
				E567FA2425900FDA00082479 /* Sources */,
				E567FA2525900FDA00082479 /* Frameworks */,
				E567FA2625900FDA00082479 /* Resources */,
			);
			buildRules = (
			);
			dependencies = (
			);
			name = ShopProject;
			productName = ShopProject;
			productReference = E567FA2825900FDA00082479 /* ShopProject.app */;
			productType = "com.apple.product-type.application";
		};
/* End PBXNativeTarget section */

/* Begin PBXProject section */
		E567FA2025900FDA00082479 /* Project object */ = {
			isa = PBXProject;
			attributes = {
				LastSwiftUpdateCheck = 1230;
				LastUpgradeCheck = 1230;
				TargetAttributes = {
					E567FA2725900FDA00082479 = {
						CreatedOnToolsVersion = 12.3;
					};
				};
			};
			buildConfigurationList = E567FA2325900FDA00082479 /* Build configuration list for PBXProject "ShopProject" */;
			compatibilityVersion = "Xcode 9.3";
			developmentRegion = en;
			hasScannedForEncodings = 0;
			knownRegions = (
				en,
				Base,
			);
			mainGroup = E567FA1F25900FDA00082479;
			productRefGroup = E567FA2925900FDA00082479 /* Products */;
			projectDirPath = "";
			projectRoot = "";
			targets = (
				E567FA2725900FDA00082479 /* ShopProject */,
			);
		};
/* End PBXProject section */

/* Begin PBXResourcesBuildPhase section */
		E567FA2625900FDA00082479 /* Resources */ = {
			isa = PBXResourcesBuildPhase;
			buildActionMask = 2147483647;
			files = (
				E567FA4025916E1F00082479 /* shopData.json in Resources */,
				E567FA3325900FDB00082479 /* Preview Assets.xcassets in Resources */,
				E528BC2C25A04D4E006B332A /* references.txt in Resources */,
				E567FA3025900FDB00082479 /* Assets.xcassets in Resources */,
			);
			runOnlyForDeploymentPostprocessing = 0;
		};
/* End PBXResourcesBuildPhase section */

/* Begin PBXSourcesBuildPhase section */
		E567FA2425900FDA00082479 /* Sources */ = {
			isa = PBXSourcesBuildPhase;
			buildActionMask = 2147483647;
			files = (
				E567FA2E25900FDA00082479 /* ContentView.swift in Sources */,
				E5D772772593E15200E743D1 /* PageView.swift in Sources */,
				E567FA512592BC7200082479 /* CategoryHome.swift in Sources */,
				E528BC21259C1BA2006B332A /* CartDetailView.swift in Sources */,
				E5D772812593F57C00E743D1 /* FavoriteButton.swift in Sources */,
				E5D7727B2593E6D800E743D1 /* PageControl.swift in Sources */,
				E544F2712597F165005CE2D4 /* SearchView.swift in Sources */,
				E5D772732593E00900E743D1 /* PageViewController.swift in Sources */,
				E528BC1A259ACEB2006B332A /* MacaronBoxSizeView.swift in Sources */,
				E567FA542592CF2A00082479 /* CategoryRow.swift in Sources */,
				E5D772872593F6FB00E743D1 /* RectangleImage.swift in Sources */,
				E544F29025984C33005CE2D4 /* NotificationBadge.swift in Sources */,
				E544F28D25984A6E005CE2D4 /* CartButton.swift in Sources */,
				E567FA462591AF4200082479 /* ProductData.swift in Sources */,
				E544F2762597F60C005CE2D4 /* SettingsView.swift in Sources */,
				E5D7727E2593F0BD00E743D1 /* FavoriteList.swift in Sources */,
				E528BC6D25A3EA47006B332A /* CupcakesExtraView.swift in Sources */,
				E5D772702593DD5800E743D1 /* FeatureCard.swift in Sources */,
				E567FA572592D52100082479 /* CategoryItem.swift in Sources */,
				E528BC6525A3E0C9006B332A /* CupcakesBoxSizeView.swift in Sources */,
				E528BC26259E4F41006B332A /* addToCartButton.swift in Sources */,
				E544F27B259813E3005CE2D4 /* SearchBar.swift in Sources */,
				E567FA4D2592B24400082479 /* ProductDetail.swift in Sources */,
				E567FA4A2591AFE100082479 /* ModelData.swift in Sources */,
				E55C77A125A9257700E9BA20 /* TagView.swift in Sources */,
				E567FA2C25900FDA00082479 /* ShopProjectApp.swift in Sources */,
				E544F28625984387005CE2D4 /* ProductRow.swift in Sources */,
			);
			runOnlyForDeploymentPostprocessing = 0;
		};
/* End PBXSourcesBuildPhase section */

/* Begin XCBuildConfiguration section */
		E567FA3525900FDB00082479 /* Debug */ = {
			isa = XCBuildConfiguration;
			buildSettings = {
				ALWAYS_SEARCH_USER_PATHS = NO;
				CLANG_ANALYZER_NONNULL = YES;
				CLANG_ANALYZER_NUMBER_OBJECT_CONVERSION = YES_AGGRESSIVE;
				CLANG_CXX_LANGUAGE_STANDARD = "gnu++14";
				CLANG_CXX_LIBRARY = "libc++";
				CLANG_ENABLE_MODULES = YES;
				CLANG_ENABLE_OBJC_ARC = YES;
				CLANG_ENABLE_OBJC_WEAK = YES;
				CLANG_WARN_BLOCK_CAPTURE_AUTORELEASING = YES;
				CLANG_WARN_BOOL_CONVERSION = YES;
				CLANG_WARN_COMMA = YES;
				CLANG_WARN_CONSTANT_CONVERSION = YES;
				CLANG_WARN_DEPRECATED_OBJC_IMPLEMENTATIONS = YES;
				CLANG_WARN_DIRECT_OBJC_ISA_USAGE = YES_ERROR;
				CLANG_WARN_DOCUMENTATION_COMMENTS = YES;
				CLANG_WARN_EMPTY_BODY = YES;
				CLANG_WARN_ENUM_CONVERSION = YES;
				CLANG_WARN_INFINITE_RECURSION = YES;
				CLANG_WARN_INT_CONVERSION = YES;
				CLANG_WARN_NON_LITERAL_NULL_CONVERSION = YES;
				CLANG_WARN_OBJC_IMPLICIT_RETAIN_SELF = YES;
				CLANG_WARN_OBJC_LITERAL_CONVERSION = YES;
				CLANG_WARN_OBJC_ROOT_CLASS = YES_ERROR;
				CLANG_WARN_QUOTED_INCLUDE_IN_FRAMEWORK_HEADER = YES;
				CLANG_WARN_RANGE_LOOP_ANALYSIS = YES;
				CLANG_WARN_STRICT_PROTOTYPES = YES;
				CLANG_WARN_SUSPICIOUS_MOVE = YES;
				CLANG_WARN_UNGUARDED_AVAILABILITY = YES_AGGRESSIVE;
				CLANG_WARN_UNREACHABLE_CODE = YES;
				CLANG_WARN__DUPLICATE_METHOD_MATCH = YES;
				COPY_PHASE_STRIP = NO;
				DEBUG_INFORMATION_FORMAT = dwarf;
				ENABLE_STRICT_OBJC_MSGSEND = YES;
				ENABLE_TESTABILITY = YES;
				GCC_C_LANGUAGE_STANDARD = gnu11;
				GCC_DYNAMIC_NO_PIC = NO;
				GCC_NO_COMMON_BLOCKS = YES;
				GCC_OPTIMIZATION_LEVEL = 0;
				GCC_PREPROCESSOR_DEFINITIONS = (
					"DEBUG=1",
					"$(inherited)",
				);
				GCC_WARN_64_TO_32_BIT_CONVERSION = YES;
				GCC_WARN_ABOUT_RETURN_TYPE = YES_ERROR;
				GCC_WARN_UNDECLARED_SELECTOR = YES;
				GCC_WARN_UNINITIALIZED_AUTOS = YES_AGGRESSIVE;
				GCC_WARN_UNUSED_FUNCTION = YES;
				GCC_WARN_UNUSED_VARIABLE = YES;
				IPHONEOS_DEPLOYMENT_TARGET = 14.3;
				MTL_ENABLE_DEBUG_INFO = INCLUDE_SOURCE;
				MTL_FAST_MATH = YES;
				ONLY_ACTIVE_ARCH = YES;
				SDKROOT = iphoneos;
				SWIFT_ACTIVE_COMPILATION_CONDITIONS = DEBUG;
				SWIFT_OPTIMIZATION_LEVEL = "-Onone";
			};
			name = Debug;
		};
		E567FA3625900FDB00082479 /* Release */ = {
			isa = XCBuildConfiguration;
			buildSettings = {
				ALWAYS_SEARCH_USER_PATHS = NO;
				CLANG_ANALYZER_NONNULL = YES;
				CLANG_ANALYZER_NUMBER_OBJECT_CONVERSION = YES_AGGRESSIVE;
				CLANG_CXX_LANGUAGE_STANDARD = "gnu++14";
				CLANG_CXX_LIBRARY = "libc++";
				CLANG_ENABLE_MODULES = YES;
				CLANG_ENABLE_OBJC_ARC = YES;
				CLANG_ENABLE_OBJC_WEAK = YES;
				CLANG_WARN_BLOCK_CAPTURE_AUTORELEASING = YES;
				CLANG_WARN_BOOL_CONVERSION = YES;
				CLANG_WARN_COMMA = YES;
				CLANG_WARN_CONSTANT_CONVERSION = YES;
				CLANG_WARN_DEPRECATED_OBJC_IMPLEMENTATIONS = YES;
				CLANG_WARN_DIRECT_OBJC_ISA_USAGE = YES_ERROR;
				CLANG_WARN_DOCUMENTATION_COMMENTS = YES;
				CLANG_WARN_EMPTY_BODY = YES;
				CLANG_WARN_ENUM_CONVERSION = YES;
				CLANG_WARN_INFINITE_RECURSION = YES;
				CLANG_WARN_INT_CONVERSION = YES;
				CLANG_WARN_NON_LITERAL_NULL_CONVERSION = YES;
				CLANG_WARN_OBJC_IMPLICIT_RETAIN_SELF = YES;
				CLANG_WARN_OBJC_LITERAL_CONVERSION = YES;
				CLANG_WARN_OBJC_ROOT_CLASS = YES_ERROR;
				CLANG_WARN_QUOTED_INCLUDE_IN_FRAMEWORK_HEADER = YES;
				CLANG_WARN_RANGE_LOOP_ANALYSIS = YES;
				CLANG_WARN_STRICT_PROTOTYPES = YES;
				CLANG_WARN_SUSPICIOUS_MOVE = YES;
				CLANG_WARN_UNGUARDED_AVAILABILITY = YES_AGGRESSIVE;
				CLANG_WARN_UNREACHABLE_CODE = YES;
				CLANG_WARN__DUPLICATE_METHOD_MATCH = YES;
				COPY_PHASE_STRIP = NO;
				DEBUG_INFORMATION_FORMAT = "dwarf-with-dsym";
				ENABLE_NS_ASSERTIONS = NO;
				ENABLE_STRICT_OBJC_MSGSEND = YES;
				GCC_C_LANGUAGE_STANDARD = gnu11;
				GCC_NO_COMMON_BLOCKS = YES;
				GCC_WARN_64_TO_32_BIT_CONVERSION = YES;
				GCC_WARN_ABOUT_RETURN_TYPE = YES_ERROR;
				GCC_WARN_UNDECLARED_SELECTOR = YES;
				GCC_WARN_UNINITIALIZED_AUTOS = YES_AGGRESSIVE;
				GCC_WARN_UNUSED_FUNCTION = YES;
				GCC_WARN_UNUSED_VARIABLE = YES;
				IPHONEOS_DEPLOYMENT_TARGET = 14.3;
				MTL_ENABLE_DEBUG_INFO = NO;
				MTL_FAST_MATH = YES;
				SDKROOT = iphoneos;
				SWIFT_COMPILATION_MODE = wholemodule;
				SWIFT_OPTIMIZATION_LEVEL = "-O";
				VALIDATE_PRODUCT = YES;
			};
			name = Release;
		};
		E567FA3825900FDB00082479 /* Debug */ = {
			isa = XCBuildConfiguration;
			buildSettings = {
				ASSETCATALOG_COMPILER_APPICON_NAME = AppIcon;
				ASSETCATALOG_COMPILER_GLOBAL_ACCENT_COLOR_NAME = AccentColor;
				CODE_SIGN_STYLE = Automatic;
				DEVELOPMENT_ASSET_PATHS = "\"ShopProject/Preview Content\"";
				DEVELOPMENT_TEAM = 3LRUWJ9R55;
				ENABLE_PREVIEWS = YES;
				INFOPLIST_FILE = ShopProject/Info.plist;
				IPHONEOS_DEPLOYMENT_TARGET = 14.0;
				LD_RUNPATH_SEARCH_PATHS = (
					"$(inherited)",
					"@executable_path/Frameworks",
				);
				PRODUCT_BUNDLE_IDENTIFIER = com.example.adamrais.ShopProject;
				PRODUCT_NAME = "$(TARGET_NAME)";
				SWIFT_VERSION = 5.0;
				TARGETED_DEVICE_FAMILY = "1,2";
			};
			name = Debug;
		};
		E567FA3925900FDB00082479 /* Release */ = {
			isa = XCBuildConfiguration;
			buildSettings = {
				ASSETCATALOG_COMPILER_APPICON_NAME = AppIcon;
				ASSETCATALOG_COMPILER_GLOBAL_ACCENT_COLOR_NAME = AccentColor;
				CODE_SIGN_STYLE = Automatic;
				DEVELOPMENT_ASSET_PATHS = "\"ShopProject/Preview Content\"";
				DEVELOPMENT_TEAM = 3LRUWJ9R55;
				ENABLE_PREVIEWS = YES;
				INFOPLIST_FILE = ShopProject/Info.plist;
				IPHONEOS_DEPLOYMENT_TARGET = 14.0;
				LD_RUNPATH_SEARCH_PATHS = (
					"$(inherited)",
					"@executable_path/Frameworks",
				);
				PRODUCT_BUNDLE_IDENTIFIER = com.example.adamrais.ShopProject;
				PRODUCT_NAME = "$(TARGET_NAME)";
				SWIFT_VERSION = 5.0;
				TARGETED_DEVICE_FAMILY = "1,2";
			};
			name = Release;
		};
/* End XCBuildConfiguration section */

/* Begin XCConfigurationList section */
		E567FA2325900FDA00082479 /* Build configuration list for PBXProject "ShopProject" */ = {
			isa = XCConfigurationList;
			buildConfigurations = (
				E567FA3525900FDB00082479 /* Debug */,
				E567FA3625900FDB00082479 /* Release */,
			);
			defaultConfigurationIsVisible = 0;
			defaultConfigurationName = Release;
		};
		E567FA3725900FDB00082479 /* Build configuration list for PBXNativeTarget "ShopProject" */ = {
			isa = XCConfigurationList;
			buildConfigurations = (
				E567FA3825900FDB00082479 /* Debug */,
				E567FA3925900FDB00082479 /* Release */,
			);
			defaultConfigurationIsVisible = 0;
			defaultConfigurationName = Release;
		};
/* End XCConfigurationList section */
	};
	rootObject = E567FA2025900FDA00082479 /* Project object */;
}
