// !$*UTF8*$!
{
	archiveVersion = 1;
	classes = {
	};
	objectVersion = 50;
	objects = {

/* Begin PBXBuildFile section */
		E567FA2C25900FDA00082479 /* ShopProjectApp.swift in Sources */ = {isa = PBXBuildFile; fileRef = E567FA2B25900FDA00082479 /* ShopProjectApp.swift */; };
		E567FA2E25900FDA00082479 /* ContentView.swift in Sources */ = {isa = PBXBuildFile; fileRef = E567FA2D25900FDA00082479 /* ContentView.swift */; };
		E567FA3025900FDB00082479 /* Assets.xcassets in Resources */ = {isa = PBXBuildFile; fileRef = E567FA2F25900FDB00082479 /* Assets.xcassets */; };
		E567FA3325900FDB00082479 /* Preview Assets.xcassets in Resources */ = {isa = PBXBuildFile; fileRef = E567FA3225900FDB00082479 /* Preview Assets.xcassets */; };
		E567FA4025916E1F00082479 /* shopData.json in Resources */ = {isa = PBXBuildFile; fileRef = E567FA3F25916E1F00082479 /* shopData.json */; };
		E567FA432591A1C600082479 /* RectangleImage.swift in Sources */ = {isa = PBXBuildFile; fileRef = E567FA422591A1C600082479 /* RectangleImage.swift */; };
		E567FA462591AF4200082479 /* ProductData.swift in Sources */ = {isa = PBXBuildFile; fileRef = E567FA452591AF4200082479 /* ProductData.swift */; };
		E567FA4A2591AFE100082479 /* ModelData.swift in Sources */ = {isa = PBXBuildFile; fileRef = E567FA492591AFE100082479 /* ModelData.swift */; };
		E567FA4D2592B24400082479 /* ProductDetail.swift in Sources */ = {isa = PBXBuildFile; fileRef = E567FA4C2592B24400082479 /* ProductDetail.swift */; };
		E567FA512592BC7200082479 /* CategoryHome.swift in Sources */ = {isa = PBXBuildFile; fileRef = E567FA502592BC7200082479 /* CategoryHome.swift */; };
		E567FA542592CF2A00082479 /* CategoryRow.swift in Sources */ = {isa = PBXBuildFile; fileRef = E567FA532592CF2A00082479 /* CategoryRow.swift */; };
		E567FA572592D52100082479 /* CategoryItem.swift in Sources */ = {isa = PBXBuildFile; fileRef = E567FA562592D52100082479 /* CategoryItem.swift */; };
/* End PBXBuildFile section */

/* Begin PBXFileReference section */
		E567FA2825900FDA00082479 /* ShopProject.app */ = {isa = PBXFileReference; explicitFileType = wrapper.application; includeInIndex = 0; path = ShopProject.app; sourceTree = BUILT_PRODUCTS_DIR; };
		E567FA2B25900FDA00082479 /* ShopProjectApp.swift */ = {isa = PBXFileReference; lastKnownFileType = sourcecode.swift; path = ShopProjectApp.swift; sourceTree = "<group>"; };
		E567FA2D25900FDA00082479 /* ContentView.swift */ = {isa = PBXFileReference; lastKnownFileType = sourcecode.swift; path = ContentView.swift; sourceTree = "<group>"; };
		E567FA2F25900FDB00082479 /* Assets.xcassets */ = {isa = PBXFileReference; lastKnownFileType = folder.assetcatalog; path = Assets.xcassets; sourceTree = "<group>"; };
		E567FA3225900FDB00082479 /* Preview Assets.xcassets */ = {isa = PBXFileReference; lastKnownFileType = folder.assetcatalog; path = "Preview Assets.xcassets"; sourceTree = "<group>"; };
		E567FA3425900FDB00082479 /* Info.plist */ = {isa = PBXFileReference; lastKnownFileType = text.plist.xml; path = Info.plist; sourceTree = "<group>"; };
		E567FA3F25916E1F00082479 /* shopData.json */ = {isa = PBXFileReference; lastKnownFileType = text.json; path = shopData.json; sourceTree = "<group>"; };
		E567FA422591A1C600082479 /* RectangleImage.swift */ = {isa = PBXFileReference; lastKnownFileType = sourcecode.swift; path = RectangleImage.swift; sourceTree = "<group>"; };
		E567FA452591AF4200082479 /* ProductData.swift */ = {isa = PBXFileReference; lastKnownFileType = sourcecode.swift; path = ProductData.swift; sourceTree = "<group>"; };
		E567FA492591AFE100082479 /* ModelData.swift */ = {isa = PBXFileReference; lastKnownFileType = sourcecode.swift; path = ModelData.swift; sourceTree = "<group>"; };
		E567FA4C2592B24400082479 /* ProductDetail.swift */ = {isa = PBXFileReference; lastKnownFileType = sourcecode.swift; path = ProductDetail.swift; sourceTree = "<group>"; };
		E567FA502592BC7200082479 /* CategoryHome.swift */ = {isa = PBXFileReference; lastKnownFileType = sourcecode.swift; path = CategoryHome.swift; sourceTree = "<group>"; };
		E567FA532592CF2A00082479 /* CategoryRow.swift */ = {isa = PBXFileReference; lastKnownFileType = sourcecode.swift; path = CategoryRow.swift; sourceTree = "<group>"; };
		E567FA562592D52100082479 /* CategoryItem.swift */ = {isa = PBXFileReference; lastKnownFileType = sourcecode.swift; path = CategoryItem.swift; sourceTree = "<group>"; };
/* End PBXFileReference section */

/* Begin PBXFrameworksBuildPhase section */
		E567FA2525900FDA00082479 /* Frameworks */ = {
			isa = PBXFrameworksBuildPhase;
			buildActionMask = 2147483647;
			files = (
			);
			runOnlyForDeploymentPostprocessing = 0;
		};
/* End PBXFrameworksBuildPhase section */

/* Begin PBXGroup section */
		E567FA1F25900FDA00082479 = {
			isa = PBXGroup;
			children = (
				E567FA2A25900FDA00082479 /* ShopProject */,
				E567FA2925900FDA00082479 /* Products */,
			);
			sourceTree = "<group>";
		};
		E567FA2925900FDA00082479 /* Products */ = {
			isa = PBXGroup;
			children = (
				E567FA2825900FDA00082479 /* ShopProject.app */,
			);
			name = Products;
			sourceTree = "<group>";
		};
		E567FA2A25900FDA00082479 /* ShopProject */ = {
			isa = PBXGroup;
			children = (
				E567FA3D2590102100082479 /* Views */,
				E567FA3C2590101A00082479 /* Ressources */,
				E567FA3B2590101300082479 /* Model */,
				E567FA2B25900FDA00082479 /* ShopProjectApp.swift */,
				E567FA2D25900FDA00082479 /* ContentView.swift */,
				E567FA2F25900FDB00082479 /* Assets.xcassets */,
				E567FA3425900FDB00082479 /* Info.plist */,
				E567FA3125900FDB00082479 /* Preview Content */,
			);
			path = ShopProject;
			sourceTree = "<group>";
		};
		E567FA3125900FDB00082479 /* Preview Content */ = {
			isa = PBXGroup;
			children = (
				E567FA3225900FDB00082479 /* Preview Assets.xcassets */,
			);
			path = "Preview Content";
			sourceTree = "<group>";
		};
		E567FA3B2590101300082479 /* Model */ = {
			isa = PBXGroup;
			children = (
				E567FA452591AF4200082479 /* ProductData.swift */,
				E567FA492591AFE100082479 /* ModelData.swift */,
			);
			path = Model;
			sourceTree = "<group>";
		};
		E567FA3C2590101A00082479 /* Ressources */ = {
			isa = PBXGroup;
			children = (
				E567FA3F25916E1F00082479 /* shopData.json */,
			);
			path = Ressources;
			sourceTree = "<group>";
		};
		E567FA3D2590102100082479 /* Views */ = {
			isa = PBXGroup;
			children = (
				E567FA422591A1C600082479 /* RectangleImage.swift */,
				E567FA4C2592B24400082479 /* ProductDetail.swift */,
				E567FA502592BC7200082479 /* CategoryHome.swift */,
				E567FA532592CF2A00082479 /* CategoryRow.swift */,
				E567FA562592D52100082479 /* CategoryItem.swift */,
			);
			path = Views;
			sourceTree = "<group>";
		};
/* End PBXGroup section */

/* Begin PBXNativeTarget section */
		E567FA2725900FDA00082479 /* ShopProject */ = {
			isa = PBXNativeTarget;
			buildConfigurationList = E567FA3725900FDB00082479 /* Build configuration list for PBXNativeTarget "ShopProject" */;
			buildPhases = (
				E567FA2425900FDA00082479 /* Sources */,
				E567FA2525900FDA00082479 /* Frameworks */,
				E567FA2625900FDA00082479 /* Resources */,
			);
			buildRules = (
			);
			dependencies = (
			);
			name = ShopProject;
			productName = ShopProject;
			productReference = E567FA2825900FDA00082479 /* ShopProject.app */;
			productType = "com.apple.product-type.application";
		};
/* End PBXNativeTarget section */

/* Begin PBXProject section */
		E567FA2025900FDA00082479 /* Project object */ = {
			isa = PBXProject;
			attributes = {
				LastSwiftUpdateCheck = 1230;
				LastUpgradeCheck = 1230;
				TargetAttributes = {
					E567FA2725900FDA00082479 = {
						CreatedOnToolsVersion = 12.3;
					};
				};
			};
			buildConfigurationList = E567FA2325900FDA00082479 /* Build configuration list for PBXProject "ShopProject" */;
			compatibilityVersion = "Xcode 9.3";
			developmentRegion = en;
			hasScannedForEncodings = 0;
			knownRegions = (
				en,
				Base,
			);
			mainGroup = E567FA1F25900FDA00082479;
			productRefGroup = E567FA2925900FDA00082479 /* Products */;
			projectDirPath = "";
			projectRoot = "";
			targets = (
				E567FA2725900FDA00082479 /* ShopProject */,
			);
		};
/* End PBXProject section */

/* Begin PBXResourcesBuildPhase section */
		E567FA2625900FDA00082479 /* Resources */ = {
			isa = PBXResourcesBuildPhase;
			buildActionMask = 2147483647;
			files = (
				E567FA4025916E1F00082479 /* shopData.json in Resources */,
				E567FA3325900FDB00082479 /* Preview Assets.xcassets in Resources */,
				E567FA3025900FDB00082479 /* Assets.xcassets in Resources */,
			);
			runOnlyForDeploymentPostprocessing = 0;
		};
/* End PBXResourcesBuildPhase section */

/* Begin PBXSourcesBuildPhase section */
		E567FA2425900FDA00082479 /* Sources */ = {
			isa = PBXSourcesBuildPhase;
			buildActionMask = 2147483647;
			files = (
				E567FA2E25900FDA00082479 /* ContentView.swift in Sources */,
				E567FA512592BC7200082479 /* CategoryHome.swift in Sources */,
				E567FA542592CF2A00082479 /* CategoryRow.swift in Sources */,
				E567FA462591AF4200082479 /* ProductData.swift in Sources */,
				E567FA572592D52100082479 /* CategoryItem.swift in Sources */,
				E567FA4D2592B24400082479 /* ProductDetail.swift in Sources */,
				E567FA4A2591AFE100082479 /* ModelData.swift in Sources */,
				E567FA432591A1C600082479 /* RectangleImage.swift in Sources */,
				E567FA2C25900FDA00082479 /* ShopProjectApp.swift in Sources */,
			);
			runOnlyForDeploymentPostprocessing = 0;
		};
/* End PBXSourcesBuildPhase section */

/* Begin XCBuildConfiguration section */
		E567FA3525900FDB00082479 /* Debug */ = {
			isa = XCBuildConfiguration;
			buildSettings = {
				ALWAYS_SEARCH_USER_PATHS = NO;
				CLANG_ANALYZER_NONNULL = YES;
				CLANG_ANALYZER_NUMBER_OBJECT_CONVERSION = YES_AGGRESSIVE;
				CLANG_CXX_LANGUAGE_STANDARD = "gnu++14";
				CLANG_CXX_LIBRARY = "libc++";
				CLANG_ENABLE_MODULES = YES;
				CLANG_ENABLE_OBJC_ARC = YES;
				CLANG_ENABLE_OBJC_WEAK = YES;
				CLANG_WARN_BLOCK_CAPTURE_AUTORELEASING = YES;
				CLANG_WARN_BOOL_CONVERSION = YES;
				CLANG_WARN_COMMA = YES;
				CLANG_WARN_CONSTANT_CONVERSION = YES;
				CLANG_WARN_DEPRECATED_OBJC_IMPLEMENTATIONS = YES;
				CLANG_WARN_DIRECT_OBJC_ISA_USAGE = YES_ERROR;
				CLANG_WARN_DOCUMENTATION_COMMENTS = YES;
				CLANG_WARN_EMPTY_BODY = YES;
				CLANG_WARN_ENUM_CONVERSION = YES;
				CLANG_WARN_INFINITE_RECURSION = YES;
				CLANG_WARN_INT_CONVERSION = YES;
				CLANG_WARN_NON_LITERAL_NULL_CONVERSION = YES;
				CLANG_WARN_OBJC_IMPLICIT_RETAIN_SELF = YES;
				CLANG_WARN_OBJC_LITERAL_CONVERSION = YES;
				CLANG_WARN_OBJC_ROOT_CLASS = YES_ERROR;
				CLANG_WARN_QUOTED_INCLUDE_IN_FRAMEWORK_HEADER = YES;
				CLANG_WARN_RANGE_LOOP_ANALYSIS = YES;
				CLANG_WARN_STRICT_PROTOTYPES = YES;
				CLANG_WARN_SUSPICIOUS_MOVE = YES;
				CLANG_WARN_UNGUARDED_AVAILABILITY = YES_AGGRESSIVE;
				CLANG_WARN_UNREACHABLE_CODE = YES;
				CLANG_WARN__DUPLICATE_METHOD_MATCH = YES;
				COPY_PHASE_STRIP = NO;
				DEBUG_INFORMATION_FORMAT = dwarf;
				ENABLE_STRICT_OBJC_MSGSEND = YES;
				ENABLE_TESTABILITY = YES;
				GCC_C_LANGUAGE_STANDARD = gnu11;
				GCC_DYNAMIC_NO_PIC = NO;
				GCC_NO_COMMON_BLOCKS = YES;
				GCC_OPTIMIZATION_LEVEL = 0;
				GCC_PREPROCESSOR_DEFINITIONS = (
					"DEBUG=1",
					"$(inherited)",
				);
				GCC_WARN_64_TO_32_BIT_CONVERSION = YES;
				GCC_WARN_ABOUT_RETURN_TYPE = YES_ERROR;
				GCC_WARN_UNDECLARED_SELECTOR = YES;
				GCC_WARN_UNINITIALIZED_AUTOS = YES_AGGRESSIVE;
				GCC_WARN_UNUSED_FUNCTION = YES;
				GCC_WARN_UNUSED_VARIABLE = YES;
				IPHONEOS_DEPLOYMENT_TARGET = 14.3;
				MTL_ENABLE_DEBUG_INFO = INCLUDE_SOURCE;
				MTL_FAST_MATH = YES;
				ONLY_ACTIVE_ARCH = YES;
				SDKROOT = iphoneos;
				SWIFT_ACTIVE_COMPILATION_CONDITIONS = DEBUG;
				SWIFT_OPTIMIZATION_LEVEL = "-Onone";
			};
			name = Debug;
		};
		E567FA3625900FDB00082479 /* Release */ = {
			isa = XCBuildConfiguration;
			buildSettings = {
				ALWAYS_SEARCH_USER_PATHS = NO;
				CLANG_ANALYZER_NONNULL = YES;
				CLANG_ANALYZER_NUMBER_OBJECT_CONVERSION = YES_AGGRESSIVE;
				CLANG_CXX_LANGUAGE_STANDARD = "gnu++14";
				CLANG_CXX_LIBRARY = "libc++";
				CLANG_ENABLE_MODULES = YES;
				CLANG_ENABLE_OBJC_ARC = YES;
				CLANG_ENABLE_OBJC_WEAK = YES;
				CLANG_WARN_BLOCK_CAPTURE_AUTORELEASING = YES;
				CLANG_WARN_BOOL_CONVERSION = YES;
				CLANG_WARN_COMMA = YES;
				CLANG_WARN_CONSTANT_CONVERSION = YES;
				CLANG_WARN_DEPRECATED_OBJC_IMPLEMENTATIONS = YES;
				CLANG_WARN_DIRECT_OBJC_ISA_USAGE = YES_ERROR;
				CLANG_WARN_DOCUMENTATION_COMMENTS = YES;
				CLANG_WARN_EMPTY_BODY = YES;
				CLANG_WARN_ENUM_CONVERSION = YES;
				CLANG_WARN_INFINITE_RECURSION = YES;
				CLANG_WARN_INT_CONVERSION = YES;
				CLANG_WARN_NON_LITERAL_NULL_CONVERSION = YES;
				CLANG_WARN_OBJC_IMPLICIT_RETAIN_SELF = YES;
				CLANG_WARN_OBJC_LITERAL_CONVERSION = YES;
				CLANG_WARN_OBJC_ROOT_CLASS = YES_ERROR;
				CLANG_WARN_QUOTED_INCLUDE_IN_FRAMEWORK_HEADER = YES;
				CLANG_WARN_RANGE_LOOP_ANALYSIS = YES;
				CLANG_WARN_STRICT_PROTOTYPES = YES;
				CLANG_WARN_SUSPICIOUS_MOVE = YES;
				CLANG_WARN_UNGUARDED_AVAILABILITY = YES_AGGRESSIVE;
				CLANG_WARN_UNREACHABLE_CODE = YES;
				CLANG_WARN__DUPLICATE_METHOD_MATCH = YES;
				COPY_PHASE_STRIP = NO;
				DEBUG_INFORMATION_FORMAT = "dwarf-with-dsym";
				ENABLE_NS_ASSERTIONS = NO;
				ENABLE_STRICT_OBJC_MSGSEND = YES;
				GCC_C_LANGUAGE_STANDARD = gnu11;
				GCC_NO_COMMON_BLOCKS = YES;
				GCC_WARN_64_TO_32_BIT_CONVERSION = YES;
				GCC_WARN_ABOUT_RETURN_TYPE = YES_ERROR;
				GCC_WARN_UNDECLARED_SELECTOR = YES;
				GCC_WARN_UNINITIALIZED_AUTOS = YES_AGGRESSIVE;
				GCC_WARN_UNUSED_FUNCTION = YES;
				GCC_WARN_UNUSED_VARIABLE = YES;
				IPHONEOS_DEPLOYMENT_TARGET = 14.3;
				MTL_ENABLE_DEBUG_INFO = NO;
				MTL_FAST_MATH = YES;
				SDKROOT = iphoneos;
				SWIFT_COMPILATION_MODE = wholemodule;
				SWIFT_OPTIMIZATION_LEVEL = "-O";
				VALIDATE_PRODUCT = YES;
			};
			name = Release;
		};
		E567FA3825900FDB00082479 /* Debug */ = {
			isa = XCBuildConfiguration;
			buildSettings = {
				ASSETCATALOG_COMPILER_APPICON_NAME = AppIcon;
				ASSETCATALOG_COMPILER_GLOBAL_ACCENT_COLOR_NAME = AccentColor;
				CODE_SIGN_STYLE = Automatic;
				DEVELOPMENT_ASSET_PATHS = "\"ShopProject/Preview Content\"";
				DEVELOPMENT_TEAM = 3LRUWJ9R55;
				ENABLE_PREVIEWS = YES;
				INFOPLIST_FILE = ShopProject/Info.plist;
				IPHONEOS_DEPLOYMENT_TARGET = 14.0;
				LD_RUNPATH_SEARCH_PATHS = (
					"$(inherited)",
					"@executable_path/Frameworks",
				);
				PRODUCT_BUNDLE_IDENTIFIER = com.example.adamrais.ShopProject;
				PRODUCT_NAME = "$(TARGET_NAME)";
				SWIFT_VERSION = 5.0;
				TARGETED_DEVICE_FAMILY = "1,2";
			};
			name = Debug;
		};
		E567FA3925900FDB00082479 /* Release */ = {
			isa = XCBuildConfiguration;
			buildSettings = {
				ASSETCATALOG_COMPILER_APPICON_NAME = AppIcon;
				ASSETCATALOG_COMPILER_GLOBAL_ACCENT_COLOR_NAME = AccentColor;
				CODE_SIGN_STYLE = Automatic;
				DEVELOPMENT_ASSET_PATHS = "\"ShopProject/Preview Content\"";
				DEVELOPMENT_TEAM = 3LRUWJ9R55;
				ENABLE_PREVIEWS = YES;
				INFOPLIST_FILE = ShopProject/Info.plist;
				IPHONEOS_DEPLOYMENT_TARGET = 14.0;
				LD_RUNPATH_SEARCH_PATHS = (
					"$(inherited)",
					"@executable_path/Frameworks",
				);
				PRODUCT_BUNDLE_IDENTIFIER = com.example.adamrais.ShopProject;
				PRODUCT_NAME = "$(TARGET_NAME)";
				SWIFT_VERSION = 5.0;
				TARGETED_DEVICE_FAMILY = "1,2";
			};
			name = Release;
		};
/* End XCBuildConfiguration section */

/* Begin XCConfigurationList section */
		E567FA2325900FDA00082479 /* Build configuration list for PBXProject "ShopProject" */ = {
			isa = XCConfigurationList;
			buildConfigurations = (
				E567FA3525900FDB00082479 /* Debug */,
				E567FA3625900FDB00082479 /* Release */,
			);
			defaultConfigurationIsVisible = 0;
			defaultConfigurationName = Release;
		};
		E567FA3725900FDB00082479 /* Build configuration list for PBXNativeTarget "ShopProject" */ = {
			isa = XCConfigurationList;
			buildConfigurations = (
				E567FA3825900FDB00082479 /* Debug */,
				E567FA3925900FDB00082479 /* Release */,
			);
			defaultConfigurationIsVisible = 0;
			defaultConfigurationName = Release;
		};
/* End XCConfigurationList section */
	};
	rootObject = E567FA2025900FDA00082479 /* Project object */;
}
